
Microsoft Visual Studio Solution File, Format Version 12.00
# Visual Studio Version 17
VisualStudioVersion = 17.12.35527.113
MinimumVisualStudioVersion = 10.0.40219.1
Project("{FAE04EC0-301F-11D3-BF4B-00C04F79EFBC}") = "SoftwareLojasRibeiro", "SoftwareLojasRibeiro\SoftwareLojasRibeiro.csproj", "{C0123AE0-B207-4730-9E5C-1C5EA21B2D5D}"
EndProject
Project("{FAE04EC0-301F-11D3-BF4B-00C04F79EFBC}") = "Lojinha", "Lojinha\Lojinha.csproj", "{1FB4ADEB-D767-439E-BD27-92219020C130}"
EndProject
Global
	GlobalSection(SolutionConfigurationPlatforms) = preSolution
		Debug|Any CPU = Debug|Any CPU
		Release|Any CPU = Release|Any CPU
	EndGlobalSection
	GlobalSection(ProjectConfigurationPlatforms) = postSolution
		{C0123AE0-B207-4730-9E5C-1C5EA21B2D5D}.Debug|Any CPU.ActiveCfg = Debug|Any CPU
		{C0123AE0-B207-4730-9E5C-1C5EA21B2D5D}.Debug|Any CPU.Build.0 = Debug|Any CPU
		{C0123AE0-B207-4730-9E5C-1C5EA21B2D5D}.Release|Any CPU.ActiveCfg = Release|Any CPU
		{C0123AE0-B207-4730-9E5C-1C5EA21B2D5D}.Release|Any CPU.Build.0 = Release|Any CPU
		{1FB4ADEB-D767-439E-BD27-92219020C130}.Debug|Any CPU.ActiveCfg = Debug|Any CPU
		{1FB4ADEB-D767-439E-BD27-92219020C130}.Debug|Any CPU.Build.0 = Debug|Any CPU
		{1FB4ADEB-D767-439E-BD27-92219020C130}.Release|Any CPU.ActiveCfg = Release|Any CPU
		{1FB4ADEB-D767-439E-BD27-92219020C130}.Release|Any CPU.Build.0 = Release|Any CPU
	EndGlobalSection
	GlobalSection(SolutionProperties) = preSolution
		HideSolutionNode = FALSE
	EndGlobalSection
	GlobalSection(ExtensibilityGlobals) = postSolution
		SolutionGuid = {50DBE42E-E1D9-4EBC-9033-13512D2065EE}
	EndGlobalSection
EndGlobal
